
Microsoft Visual Studio Solution File, Format Version 12.00
# Visual Studio 15
VisualStudioVersion = 15.0.27703.2026
MinimumVisualStudioVersion = 10.0.40219.1
Project("{9A19103F-16F7-4668-BE54-9A1E7A4F7556}") = "AstralNotes", "AstralNotes\AstralNotes.csproj", "{B9CCD3A3-3458-4A31-85DA-1DBECCD80C04}"
EndProject
Project("{9A19103F-16F7-4668-BE54-9A1E7A4F7556}") = "AstralNotes.Domain", "AstralNotes.Domain\AstralNotes.Domain.csproj", "{F3B2268C-DBD9-405D-9060-4044C0B10A15}"
EndProject
Project("{9A19103F-16F7-4668-BE54-9A1E7A4F7556}") = "AstralNotes.Database", "AstralNotes.Database\AstralNotes.Database.csproj", "{EEEDC544-C11E-4EAD-A3D5-D597630FD16B}"
EndProject
Project("{9A19103F-16F7-4668-BE54-9A1E7A4F7556}") = "AstralNotes.Domain.Entities", "AstralNotes.Domain.Entities\AstralNotes.Domain.Entities.csproj", "{4EC6B95D-41A3-4927-B5E3-16BD76F3C960}"
EndProject
Global
	GlobalSection(SolutionConfigurationPlatforms) = preSolution
		Debug|Any CPU = Debug|Any CPU
		Release|Any CPU = Release|Any CPU
	EndGlobalSection
	GlobalSection(ProjectConfigurationPlatforms) = postSolution
		{B9CCD3A3-3458-4A31-85DA-1DBECCD80C04}.Debug|Any CPU.ActiveCfg = Debug|Any CPU
		{B9CCD3A3-3458-4A31-85DA-1DBECCD80C04}.Debug|Any CPU.Build.0 = Debug|Any CPU
		{B9CCD3A3-3458-4A31-85DA-1DBECCD80C04}.Release|Any CPU.ActiveCfg = Release|Any CPU
		{B9CCD3A3-3458-4A31-85DA-1DBECCD80C04}.Release|Any CPU.Build.0 = Release|Any CPU
		{F3B2268C-DBD9-405D-9060-4044C0B10A15}.Debug|Any CPU.ActiveCfg = Debug|Any CPU
		{F3B2268C-DBD9-405D-9060-4044C0B10A15}.Debug|Any CPU.Build.0 = Debug|Any CPU
		{F3B2268C-DBD9-405D-9060-4044C0B10A15}.Release|Any CPU.ActiveCfg = Release|Any CPU
		{F3B2268C-DBD9-405D-9060-4044C0B10A15}.Release|Any CPU.Build.0 = Release|Any CPU
		{EEEDC544-C11E-4EAD-A3D5-D597630FD16B}.Debug|Any CPU.ActiveCfg = Debug|Any CPU
		{EEEDC544-C11E-4EAD-A3D5-D597630FD16B}.Debug|Any CPU.Build.0 = Debug|Any CPU
		{EEEDC544-C11E-4EAD-A3D5-D597630FD16B}.Release|Any CPU.ActiveCfg = Release|Any CPU
		{EEEDC544-C11E-4EAD-A3D5-D597630FD16B}.Release|Any CPU.Build.0 = Release|Any CPU
		{4EC6B95D-41A3-4927-B5E3-16BD76F3C960}.Debug|Any CPU.ActiveCfg = Debug|Any CPU
		{4EC6B95D-41A3-4927-B5E3-16BD76F3C960}.Debug|Any CPU.Build.0 = Debug|Any CPU
		{4EC6B95D-41A3-4927-B5E3-16BD76F3C960}.Release|Any CPU.ActiveCfg = Release|Any CPU
		{4EC6B95D-41A3-4927-B5E3-16BD76F3C960}.Release|Any CPU.Build.0 = Release|Any CPU
	EndGlobalSection
	GlobalSection(SolutionProperties) = preSolution
		HideSolutionNode = FALSE
	EndGlobalSection
	GlobalSection(ExtensibilityGlobals) = postSolution
		SolutionGuid = {0CB3A1C3-A4DE-404C-A5E6-3B3301752F50}
	EndGlobalSection
EndGlobal
